// !$*UTF8*$!
{
	archiveVersion = 1;
	classes = {
	};
	objectVersion = 55;
	objects = {

/* Begin PBXBuildFile section */
		FCDBFA46278F761F00B2E2DF /* AppDelegate.swift in Sources */ = {isa = PBXBuildFile; fileRef = FCDBFA45278F761F00B2E2DF /* AppDelegate.swift */; };
		FCDBFA48278F761F00B2E2DF /* SceneDelegate.swift in Sources */ = {isa = PBXBuildFile; fileRef = FCDBFA47278F761F00B2E2DF /* SceneDelegate.swift */; };
		FCDBFA4A278F761F00B2E2DF /* ViewController.swift in Sources */ = {isa = PBXBuildFile; fileRef = FCDBFA49278F761F00B2E2DF /* ViewController.swift */; };
		FCDBFA4D278F761F00B2E2DF /* Main.storyboard in Resources */ = {isa = PBXBuildFile; fileRef = FCDBFA4B278F761F00B2E2DF /* Main.storyboard */; };
		FCDBFA4F278F761F00B2E2DF /* Assets.xcassets in Resources */ = {isa = PBXBuildFile; fileRef = FCDBFA4E278F761F00B2E2DF /* Assets.xcassets */; };
		FCDBFA52278F761F00B2E2DF /* LaunchScreen.storyboard in Resources */ = {isa = PBXBuildFile; fileRef = FCDBFA50278F761F00B2E2DF /* LaunchScreen.storyboard */; };
		FCDBFA5A278F7D9B00B2E2DF /* MoviewDetailViewController.swift in Sources */ = {isa = PBXBuildFile; fileRef = FCDBFA59278F7D9B00B2E2DF /* MoviewDetailViewController.swift */; };
		FCDBFA73278F80CB00B2E2DF /* MyFavoriteMoviesViewCell.swift in Sources */ = {isa = PBXBuildFile; fileRef = FCDBFA72278F80CB00B2E2DF /* MyFavoriteMoviesViewCell.swift */; };
/* End PBXBuildFile section */

/* Begin PBXFileReference section */
		FCDBFA42278F761F00B2E2DF /* FavoriteMovie.app */ = {isa = PBXFileReference; explicitFileType = wrapper.application; includeInIndex = 0; path = FavoriteMovie.app; sourceTree = BUILT_PRODUCTS_DIR; };
		FCDBFA45278F761F00B2E2DF /* AppDelegate.swift */ = {isa = PBXFileReference; lastKnownFileType = sourcecode.swift; path = AppDelegate.swift; sourceTree = "<group>"; };
		FCDBFA47278F761F00B2E2DF /* SceneDelegate.swift */ = {isa = PBXFileReference; lastKnownFileType = sourcecode.swift; path = SceneDelegate.swift; sourceTree = "<group>"; };
		FCDBFA49278F761F00B2E2DF /* ViewController.swift */ = {isa = PBXFileReference; lastKnownFileType = sourcecode.swift; path = ViewController.swift; sourceTree = "<group>"; };
		FCDBFA4C278F761F00B2E2DF /* Base */ = {isa = PBXFileReference; lastKnownFileType = file.storyboard; name = Base; path = Base.lproj/Main.storyboard; sourceTree = "<group>"; };
		FCDBFA4E278F761F00B2E2DF /* Assets.xcassets */ = {isa = PBXFileReference; lastKnownFileType = folder.assetcatalog; path = Assets.xcassets; sourceTree = "<group>"; };
		FCDBFA51278F761F00B2E2DF /* Base */ = {isa = PBXFileReference; lastKnownFileType = file.storyboard; name = Base; path = Base.lproj/LaunchScreen.storyboard; sourceTree = "<group>"; };
		FCDBFA53278F761F00B2E2DF /* Info.plist */ = {isa = PBXFileReference; lastKnownFileType = text.plist.xml; path = Info.plist; sourceTree = "<group>"; };
		FCDBFA59278F7D9B00B2E2DF /* MoviewDetailViewController.swift */ = {isa = PBXFileReference; lastKnownFileType = sourcecode.swift; path = MoviewDetailViewController.swift; sourceTree = "<group>"; };
		FCDBFA72278F80CB00B2E2DF /* MyFavoriteMoviesViewCell.swift */ = {isa = PBXFileReference; lastKnownFileType = sourcecode.swift; path = MyFavoriteMoviesViewCell.swift; sourceTree = "<group>"; };
/* End PBXFileReference section */

/* Begin PBXFrameworksBuildPhase section */
		FCDBFA3F278F761F00B2E2DF /* Frameworks */ = {
			isa = PBXFrameworksBuildPhase;
			buildActionMask = 2147483647;
			files = (
			);
			runOnlyForDeploymentPostprocessing = 0;
		};
/* End PBXFrameworksBuildPhase section */

/* Begin PBXGroup section */
		FCDBFA39278F761E00B2E2DF = {
			isa = PBXGroup;
			children = (
				FCDBFA44278F761F00B2E2DF /* FavoriteMovie */,
				FCDBFA43278F761F00B2E2DF /* Products */,
			);
			sourceTree = "<group>";
		};
		FCDBFA43278F761F00B2E2DF /* Products */ = {
			isa = PBXGroup;
			children = (
				FCDBFA42278F761F00B2E2DF /* FavoriteMovie.app */,
			);
			name = Products;
			sourceTree = "<group>";
		};
		FCDBFA44278F761F00B2E2DF /* FavoriteMovie */ = {
			isa = PBXGroup;
			children = (
				FCDBFA45278F761F00B2E2DF /* AppDelegate.swift */,
				FCDBFA47278F761F00B2E2DF /* SceneDelegate.swift */,
				FCDBFA49278F761F00B2E2DF /* ViewController.swift */,
				FCDBFA4B278F761F00B2E2DF /* Main.storyboard */,
				FCDBFA4E278F761F00B2E2DF /* Assets.xcassets */,
				FCDBFA50278F761F00B2E2DF /* LaunchScreen.storyboard */,
				FCDBFA53278F761F00B2E2DF /* Info.plist */,
				FCDBFA59278F7D9B00B2E2DF /* MoviewDetailViewController.swift */,
				FCDBFA72278F80CB00B2E2DF /* MyFavoriteMoviesViewCell.swift */,
			);
			path = FavoriteMovie;
			sourceTree = "<group>";
		};
/* End PBXGroup section */

/* Begin PBXNativeTarget section */
		FCDBFA41278F761F00B2E2DF /* FavoriteMovie */ = {
			isa = PBXNativeTarget;
			buildConfigurationList = FCDBFA56278F761F00B2E2DF /* Build configuration list for PBXNativeTarget "FavoriteMovie" */;
			buildPhases = (
				FCDBFA3E278F761F00B2E2DF /* Sources */,
				FCDBFA3F278F761F00B2E2DF /* Frameworks */,
				FCDBFA40278F761F00B2E2DF /* Resources */,
			);
			buildRules = (
			);
			dependencies = (
			);
			name = FavoriteMovie;
			productName = FavoriteMovie;
			productReference = FCDBFA42278F761F00B2E2DF /* FavoriteMovie.app */;
			productType = "com.apple.product-type.application";
		};
/* End PBXNativeTarget section */

/* Begin PBXProject section */
		FCDBFA3A278F761E00B2E2DF /* Project object */ = {
			isa = PBXProject;
			attributes = {
				BuildIndependentTargetsInParallel = 1;
				LastSwiftUpdateCheck = 1320;
				LastUpgradeCheck = 1320;
				TargetAttributes = {
					FCDBFA41278F761F00B2E2DF = {
						CreatedOnToolsVersion = 13.2;
					};
				};
			};
			buildConfigurationList = FCDBFA3D278F761E00B2E2DF /* Build configuration list for PBXProject "FavoriteMovie" */;
			compatibilityVersion = "Xcode 13.0";
			developmentRegion = en;
			hasScannedForEncodings = 0;
			knownRegions = (
				en,
				Base,
			);
			mainGroup = FCDBFA39278F761E00B2E2DF;
			productRefGroup = FCDBFA43278F761F00B2E2DF /* Products */;
			projectDirPath = "";
			projectRoot = "";
			targets = (
				FCDBFA41278F761F00B2E2DF /* FavoriteMovie */,
			);
		};
/* End PBXProject section */

/* Begin PBXResourcesBuildPhase section */
		FCDBFA40278F761F00B2E2DF /* Resources */ = {
			isa = PBXResourcesBuildPhase;
			buildActionMask = 2147483647;
			files = (
				FCDBFA52278F761F00B2E2DF /* LaunchScreen.storyboard in Resources */,
				FCDBFA4F278F761F00B2E2DF /* Assets.xcassets in Resources */,
				FCDBFA4D278F761F00B2E2DF /* Main.storyboard in Resources */,
			);
			runOnlyForDeploymentPostprocessing = 0;
		};
/* End PBXResourcesBuildPhase section */

/* Begin PBXSourcesBuildPhase section */
		FCDBFA3E278F761F00B2E2DF /* Sources */ = {
			isa = PBXSourcesBuildPhase;
			buildActionMask = 2147483647;
			files = (
				FCDBFA5A278F7D9B00B2E2DF /* MoviewDetailViewController.swift in Sources */,
				FCDBFA4A278F761F00B2E2DF /* ViewController.swift in Sources */,
				FCDBFA46278F761F00B2E2DF /* AppDelegate.swift in Sources */,
				FCDBFA73278F80CB00B2E2DF /* MyFavoriteMoviesViewCell.swift in Sources */,
				FCDBFA48278F761F00B2E2DF /* SceneDelegate.swift in Sources */,
			);
			runOnlyForDeploymentPostprocessing = 0;
		};
/* End PBXSourcesBuildPhase section */

/* Begin PBXVariantGroup section */
		FCDBFA4B278F761F00B2E2DF /* Main.storyboard */ = {
			isa = PBXVariantGroup;
			children = (
				FCDBFA4C278F761F00B2E2DF /* Base */,
			);
			name = Main.storyboard;
			sourceTree = "<group>";
		};
		FCDBFA50278F761F00B2E2DF /* LaunchScreen.storyboard */ = {
			isa = PBXVariantGroup;
			children = (
				FCDBFA51278F761F00B2E2DF /* Base */,
			);
			name = LaunchScreen.storyboard;
			sourceTree = "<group>";
		};
/* End PBXVariantGroup section */

/* Begin XCBuildConfiguration section */
		FCDBFA54278F761F00B2E2DF /* Debug */ = {
			isa = XCBuildConfiguration;
			buildSettings = {
				ALWAYS_SEARCH_USER_PATHS = NO;
				CLANG_ANALYZER_NONNULL = YES;
				CLANG_ANALYZER_NUMBER_OBJECT_CONVERSION = YES_AGGRESSIVE;
				CLANG_CXX_LANGUAGE_STANDARD = "gnu++17";
				CLANG_CXX_LIBRARY = "libc++";
				CLANG_ENABLE_MODULES = YES;
				CLANG_ENABLE_OBJC_ARC = YES;
				CLANG_ENABLE_OBJC_WEAK = YES;
				CLANG_WARN_BLOCK_CAPTURE_AUTORELEASING = YES;
				CLANG_WARN_BOOL_CONVERSION = YES;
				CLANG_WARN_COMMA = YES;
				CLANG_WARN_CONSTANT_CONVERSION = YES;
				CLANG_WARN_DEPRECATED_OBJC_IMPLEMENTATIONS = YES;
				CLANG_WARN_DIRECT_OBJC_ISA_USAGE = YES_ERROR;
				CLANG_WARN_DOCUMENTATION_COMMENTS = YES;
				CLANG_WARN_EMPTY_BODY = YES;
				CLANG_WARN_ENUM_CONVERSION = YES;
				CLANG_WARN_INFINITE_RECURSION = YES;
				CLANG_WARN_INT_CONVERSION = YES;
				CLANG_WARN_NON_LITERAL_NULL_CONVERSION = YES;
				CLANG_WARN_OBJC_IMPLICIT_RETAIN_SELF = YES;
				CLANG_WARN_OBJC_LITERAL_CONVERSION = YES;
				CLANG_WARN_OBJC_ROOT_CLASS = YES_ERROR;
				CLANG_WARN_QUOTED_INCLUDE_IN_FRAMEWORK_HEADER = YES;
				CLANG_WARN_RANGE_LOOP_ANALYSIS = YES;
				CLANG_WARN_STRICT_PROTOTYPES = YES;
				CLANG_WARN_SUSPICIOUS_MOVE = YES;
				CLANG_WARN_UNGUARDED_AVAILABILITY = YES_AGGRESSIVE;
				CLANG_WARN_UNREACHABLE_CODE = YES;
				CLANG_WARN__DUPLICATE_METHOD_MATCH = YES;
				COPY_PHASE_STRIP = NO;
				DEBUG_INFORMATION_FORMAT = dwarf;
				ENABLE_STRICT_OBJC_MSGSEND = YES;
				ENABLE_TESTABILITY = YES;
				GCC_C_LANGUAGE_STANDARD = gnu11;
				GCC_DYNAMIC_NO_PIC = NO;
				GCC_NO_COMMON_BLOCKS = YES;
				GCC_OPTIMIZATION_LEVEL = 0;
				GCC_PREPROCESSOR_DEFINITIONS = (
					"DEBUG=1",
					"$(inherited)",
				);
				GCC_WARN_64_TO_32_BIT_CONVERSION = YES;
				GCC_WARN_ABOUT_RETURN_TYPE = YES_ERROR;
				GCC_WARN_UNDECLARED_SELECTOR = YES;
				GCC_WARN_UNINITIALIZED_AUTOS = YES_AGGRESSIVE;
				GCC_WARN_UNUSED_FUNCTION = YES;
				GCC_WARN_UNUSED_VARIABLE = YES;
				IPHONEOS_DEPLOYMENT_TARGET = 15.2;
				MTL_ENABLE_DEBUG_INFO = INCLUDE_SOURCE;
				MTL_FAST_MATH = YES;
				ONLY_ACTIVE_ARCH = YES;
				SDKROOT = iphoneos;
				SWIFT_ACTIVE_COMPILATION_CONDITIONS = DEBUG;
				SWIFT_OPTIMIZATION_LEVEL = "-Onone";
			};
			name = Debug;
		};
		FCDBFA55278F761F00B2E2DF /* Release */ = {
			isa = XCBuildConfiguration;
			buildSettings = {
				ALWAYS_SEARCH_USER_PATHS = NO;
				CLANG_ANALYZER_NONNULL = YES;
				CLANG_ANALYZER_NUMBER_OBJECT_CONVERSION = YES_AGGRESSIVE;
				CLANG_CXX_LANGUAGE_STANDARD = "gnu++17";
				CLANG_CXX_LIBRARY = "libc++";
				CLANG_ENABLE_MODULES = YES;
				CLANG_ENABLE_OBJC_ARC = YES;
				CLANG_ENABLE_OBJC_WEAK = YES;
				CLANG_WARN_BLOCK_CAPTURE_AUTORELEASING = YES;
				CLANG_WARN_BOOL_CONVERSION = YES;
				CLANG_WARN_COMMA = YES;
				CLANG_WARN_CONSTANT_CONVERSION = YES;
				CLANG_WARN_DEPRECATED_OBJC_IMPLEMENTATIONS = YES;
				CLANG_WARN_DIRECT_OBJC_ISA_USAGE = YES_ERROR;
				CLANG_WARN_DOCUMENTATION_COMMENTS = YES;
				CLANG_WARN_EMPTY_BODY = YES;
				CLANG_WARN_ENUM_CONVERSION = YES;
				CLANG_WARN_INFINITE_RECURSION = YES;
				CLANG_WARN_INT_CONVERSION = YES;
				CLANG_WARN_NON_LITERAL_NULL_CONVERSION = YES;
				CLANG_WARN_OBJC_IMPLICIT_RETAIN_SELF = YES;
				CLANG_WARN_OBJC_LITERAL_CONVERSION = YES;
				CLANG_WARN_OBJC_ROOT_CLASS = YES_ERROR;
				CLANG_WARN_QUOTED_INCLUDE_IN_FRAMEWORK_HEADER = YES;
				CLANG_WARN_RANGE_LOOP_ANALYSIS = YES;
				CLANG_WARN_STRICT_PROTOTYPES = YES;
				CLANG_WARN_SUSPICIOUS_MOVE = YES;
				CLANG_WARN_UNGUARDED_AVAILABILITY = YES_AGGRESSIVE;
				CLANG_WARN_UNREACHABLE_CODE = YES;
				CLANG_WARN__DUPLICATE_METHOD_MATCH = YES;
				COPY_PHASE_STRIP = NO;
				DEBUG_INFORMATION_FORMAT = "dwarf-with-dsym";
				ENABLE_NS_ASSERTIONS = NO;
				ENABLE_STRICT_OBJC_MSGSEND = YES;
				GCC_C_LANGUAGE_STANDARD = gnu11;
				GCC_NO_COMMON_BLOCKS = YES;
				GCC_WARN_64_TO_32_BIT_CONVERSION = YES;
				GCC_WARN_ABOUT_RETURN_TYPE = YES_ERROR;
				GCC_WARN_UNDECLARED_SELECTOR = YES;
				GCC_WARN_UNINITIALIZED_AUTOS = YES_AGGRESSIVE;
				GCC_WARN_UNUSED_FUNCTION = YES;
				GCC_WARN_UNUSED_VARIABLE = YES;
				IPHONEOS_DEPLOYMENT_TARGET = 15.2;
				MTL_ENABLE_DEBUG_INFO = NO;
				MTL_FAST_MATH = YES;
				SDKROOT = iphoneos;
				SWIFT_COMPILATION_MODE = wholemodule;
				SWIFT_OPTIMIZATION_LEVEL = "-O";
				VALIDATE_PRODUCT = YES;
			};
			name = Release;
		};
		FCDBFA57278F761F00B2E2DF /* Debug */ = {
			isa = XCBuildConfiguration;
			buildSettings = {
				ASSETCATALOG_COMPILER_APPICON_NAME = AppIcon;
				ASSETCATALOG_COMPILER_GLOBAL_ACCENT_COLOR_NAME = AccentColor;
				CODE_SIGN_STYLE = Automatic;
				CURRENT_PROJECT_VERSION = 1;
				DEVELOPMENT_TEAM = GF9T6UPWP3;
				GENERATE_INFOPLIST_FILE = YES;
				INFOPLIST_FILE = FavoriteMovie/Info.plist;
				INFOPLIST_KEY_UIApplicationSupportsIndirectInputEvents = YES;
				INFOPLIST_KEY_UILaunchStoryboardName = LaunchScreen;
				INFOPLIST_KEY_UIMainStoryboardFile = Main;
				INFOPLIST_KEY_UISupportedInterfaceOrientations_iPad = "UIInterfaceOrientationPortrait UIInterfaceOrientationPortraitUpsideDown UIInterfaceOrientationLandscapeLeft UIInterfaceOrientationLandscapeRight";
				INFOPLIST_KEY_UISupportedInterfaceOrientations_iPhone = "UIInterfaceOrientationPortrait UIInterfaceOrientationLandscapeLeft UIInterfaceOrientationLandscapeRight";
				LD_RUNPATH_SEARCH_PATHS = (
					"$(inherited)",
					"@executable_path/Frameworks",
				);
				MARKETING_VERSION = 1.0;
				PRODUCT_BUNDLE_IDENTIFIER = com.gkaratas.FavoriteMovie;
				PRODUCT_NAME = "$(TARGET_NAME)";
				SWIFT_EMIT_LOC_STRINGS = YES;
				SWIFT_VERSION = 5.0;
				TARGETED_DEVICE_FAMILY = "1,2";
			};
			name = Debug;
		};
		FCDBFA58278F761F00B2E2DF /* Release */ = {
			isa = XCBuildConfiguration;
			buildSettings = {
				ASSETCATALOG_COMPILER_APPICON_NAME = AppIcon;
				ASSETCATALOG_COMPILER_GLOBAL_ACCENT_COLOR_NAME = AccentColor;
				CODE_SIGN_STYLE = Automatic;
				CURRENT_PROJECT_VERSION = 1;
				DEVELOPMENT_TEAM = GF9T6UPWP3;
				GENERATE_INFOPLIST_FILE = YES;
				INFOPLIST_FILE = FavoriteMovie/Info.plist;
				INFOPLIST_KEY_UIApplicationSupportsIndirectInputEvents = YES;
				INFOPLIST_KEY_UILaunchStoryboardName = LaunchScreen;
				INFOPLIST_KEY_UIMainStoryboardFile = Main;
				INFOPLIST_KEY_UISupportedInterfaceOrientations_iPad = "UIInterfaceOrientationPortrait UIInterfaceOrientationPortraitUpsideDown UIInterfaceOrientationLandscapeLeft UIInterfaceOrientationLandscapeRight";
				INFOPLIST_KEY_UISupportedInterfaceOrientations_iPhone = "UIInterfaceOrientationPortrait UIInterfaceOrientationLandscapeLeft UIInterfaceOrientationLandscapeRight";
				LD_RUNPATH_SEARCH_PATHS = (
					"$(inherited)",
					"@executable_path/Frameworks",
				);
				MARKETING_VERSION = 1.0;
				PRODUCT_BUNDLE_IDENTIFIER = com.gkaratas.FavoriteMovie;
				PRODUCT_NAME = "$(TARGET_NAME)";
				SWIFT_EMIT_LOC_STRINGS = YES;
				SWIFT_VERSION = 5.0;
				TARGETED_DEVICE_FAMILY = "1,2";
			};
			name = Release;
		};
/* End XCBuildConfiguration section */

/* Begin XCConfigurationList section */
		FCDBFA3D278F761E00B2E2DF /* Build configuration list for PBXProject "FavoriteMovie" */ = {
			isa = XCConfigurationList;
			buildConfigurations = (
				FCDBFA54278F761F00B2E2DF /* Debug */,
				FCDBFA55278F761F00B2E2DF /* Release */,
			);
			defaultConfigurationIsVisible = 0;
			defaultConfigurationName = Release;
		};
		FCDBFA56278F761F00B2E2DF /* Build configuration list for PBXNativeTarget "FavoriteMovie" */ = {
			isa = XCConfigurationList;
			buildConfigurations = (
				FCDBFA57278F761F00B2E2DF /* Debug */,
				FCDBFA58278F761F00B2E2DF /* Release */,
			);
			defaultConfigurationIsVisible = 0;
			defaultConfigurationName = Release;
		};
/* End XCConfigurationList section */
	};
	rootObject = FCDBFA3A278F761E00B2E2DF /* Project object */;
}
